
Microsoft Visual Studio Solution File, Format Version 12.00
# Visual Studio Version 17
VisualStudioVersion = 17.11.35222.181
MinimumVisualStudioVersion = 10.0.40219.1
Project("{9A19103F-16F7-4668-BE54-9A1E7A4F7556}") = "RentACar.ConsoleUI", "RentACarSimulation\RentACar.ConsoleUI.csproj", "{C8C5D00A-F21F-4190-BCA5-63DED7454F07}"
EndProject
Global
	GlobalSection(SolutionConfigurationPlatforms) = preSolution
		Debug|Any CPU = Debug|Any CPU
		Release|Any CPU = Release|Any CPU
	EndGlobalSection
	GlobalSection(ProjectConfigurationPlatforms) = postSolution
		{C8C5D00A-F21F-4190-BCA5-63DED7454F07}.Debug|Any CPU.ActiveCfg = Debug|Any CPU
		{C8C5D00A-F21F-4190-BCA5-63DED7454F07}.Debug|Any CPU.Build.0 = Debug|Any CPU
		{C8C5D00A-F21F-4190-BCA5-63DED7454F07}.Release|Any CPU.ActiveCfg = Release|Any CPU
		{C8C5D00A-F21F-4190-BCA5-63DED7454F07}.Release|Any CPU.Build.0 = Release|Any CPU
	EndGlobalSection
	GlobalSection(SolutionProperties) = preSolution
		HideSolutionNode = FALSE
	EndGlobalSection
	GlobalSection(ExtensibilityGlobals) = postSolution
		SolutionGuid = {ED7A32C2-F907-4CBA-AB2A-AD5A2DD0EBE2}
	EndGlobalSection
EndGlobal
